
Microsoft Visual Studio Solution File, Format Version 12.00
# Visual Studio Version 16
VisualStudioVersion = 16.0.31624.102
MinimumVisualStudioVersion = 10.0.40219.1
Project("{8BC9CEB8-8B4A-11D0-8D11-00A0C91BC942}") = "signum", "signum\signum.vcxproj", "{095453D1-D31C-413A-B210-B3E21F7E2A3C}"
EndProject
Global
	GlobalSection(SolutionConfigurationPlatforms) = preSolution
		Debug|x64 = Debug|x64
		Debug|x86 = Debug|x86
		Release|x64 = Release|x64
		Release|x86 = Release|x86
	EndGlobalSection
	GlobalSection(ProjectConfigurationPlatforms) = postSolution
		{095453D1-D31C-413A-B210-B3E21F7E2A3C}.Debug|x64.ActiveCfg = Debug|x64
		{095453D1-D31C-413A-B210-B3E21F7E2A3C}.Debug|x64.Build.0 = Debug|x64
		{095453D1-D31C-413A-B210-B3E21F7E2A3C}.Debug|x86.ActiveCfg = Debug|Win32
		{095453D1-D31C-413A-B210-B3E21F7E2A3C}.Debug|x86.Build.0 = Debug|Win32
		{095453D1-D31C-413A-B210-B3E21F7E2A3C}.Release|x64.ActiveCfg = Release|x64
		{095453D1-D31C-413A-B210-B3E21F7E2A3C}.Release|x64.Build.0 = Release|x64
		{095453D1-D31C-413A-B210-B3E21F7E2A3C}.Release|x86.ActiveCfg = Release|Win32
		{095453D1-D31C-413A-B210-B3E21F7E2A3C}.Release|x86.Build.0 = Release|Win32
	EndGlobalSection
	GlobalSection(SolutionProperties) = preSolution
		HideSolutionNode = FALSE
	EndGlobalSection
	GlobalSection(ExtensibilityGlobals) = postSolution
		SolutionGuid = {E7799B3D-0F49-4CC6-887C-F5349CDC90A0}
	EndGlobalSection
EndGlobal
